// !$*UTF8*$!
{
	archiveVersion = 1;
	classes = {
	};
	objectVersion = 46;
	objects = {

/* Begin PBXBuildFile section */
		049222D319F159650012E0B2 /* AppDelegate.swift in Sources */ = {isa = PBXBuildFile; fileRef = 049222D219F159650012E0B2 /* AppDelegate.swift */; };
		049222D519F159650012E0B2 /* ViewController.swift in Sources */ = {isa = PBXBuildFile; fileRef = 049222D419F159650012E0B2 /* ViewController.swift */; };
		049222D819F159650012E0B2 /* Main.storyboard in Resources */ = {isa = PBXBuildFile; fileRef = 049222D619F159650012E0B2 /* Main.storyboard */; };
		049222DA19F159650012E0B2 /* Images.xcassets in Resources */ = {isa = PBXBuildFile; fileRef = 049222D919F159650012E0B2 /* Images.xcassets */; };
		049222DD19F159650012E0B2 /* LaunchScreen.xib in Resources */ = {isa = PBXBuildFile; fileRef = 049222DB19F159650012E0B2 /* LaunchScreen.xib */; };
		049222E919F159650012E0B2 /* FortunaTests.swift in Sources */ = {isa = PBXBuildFile; fileRef = 049222E819F159650012E0B2 /* FortunaTests.swift */; };
		049222F419F15F650012E0B2 /* negativeQuotes.json in Resources */ = {isa = PBXBuildFile; fileRef = 049222F219F15F650012E0B2 /* negativeQuotes.json */; };
		049222F519F15F650012E0B2 /* positiveQuotes.json in Resources */ = {isa = PBXBuildFile; fileRef = 049222F319F15F650012E0B2 /* positiveQuotes.json */; };
/* End PBXBuildFile section */

/* Begin PBXContainerItemProxy section */
		049222E319F159650012E0B2 /* PBXContainerItemProxy */ = {
			isa = PBXContainerItemProxy;
			containerPortal = 049222C519F159650012E0B2 /* Project object */;
			proxyType = 1;
			remoteGlobalIDString = 049222CC19F159650012E0B2;
			remoteInfo = Fortuna;
		};
/* End PBXContainerItemProxy section */

/* Begin PBXFileReference section */
		049222CD19F159650012E0B2 /* Fortuna.app */ = {isa = PBXFileReference; explicitFileType = wrapper.application; includeInIndex = 0; path = Fortuna.app; sourceTree = BUILT_PRODUCTS_DIR; };
		049222D119F159650012E0B2 /* Info.plist */ = {isa = PBXFileReference; lastKnownFileType = text.plist.xml; path = Info.plist; sourceTree = "<group>"; };
		049222D219F159650012E0B2 /* AppDelegate.swift */ = {isa = PBXFileReference; lastKnownFileType = sourcecode.swift; path = AppDelegate.swift; sourceTree = "<group>"; };
		049222D419F159650012E0B2 /* ViewController.swift */ = {isa = PBXFileReference; lastKnownFileType = sourcecode.swift; path = ViewController.swift; sourceTree = "<group>"; };
		049222D719F159650012E0B2 /* Base */ = {isa = PBXFileReference; lastKnownFileType = file.storyboard; name = Base; path = Base.lproj/Main.storyboard; sourceTree = "<group>"; };
		049222D919F159650012E0B2 /* Images.xcassets */ = {isa = PBXFileReference; lastKnownFileType = folder.assetcatalog; path = Images.xcassets; sourceTree = "<group>"; };
		049222DC19F159650012E0B2 /* Base */ = {isa = PBXFileReference; lastKnownFileType = file.xib; name = Base; path = Base.lproj/LaunchScreen.xib; sourceTree = "<group>"; };
		049222E219F159650012E0B2 /* FortunaTests.xctest */ = {isa = PBXFileReference; explicitFileType = wrapper.cfbundle; includeInIndex = 0; path = FortunaTests.xctest; sourceTree = BUILT_PRODUCTS_DIR; };
		049222E719F159650012E0B2 /* Info.plist */ = {isa = PBXFileReference; lastKnownFileType = text.plist.xml; path = Info.plist; sourceTree = "<group>"; };
		049222E819F159650012E0B2 /* FortunaTests.swift */ = {isa = PBXFileReference; lastKnownFileType = sourcecode.swift; path = FortunaTests.swift; sourceTree = "<group>"; };
		049222F219F15F650012E0B2 /* negativeQuotes.json */ = {isa = PBXFileReference; fileEncoding = 4; lastKnownFileType = text.json; path = negativeQuotes.json; sourceTree = "<group>"; };
		049222F319F15F650012E0B2 /* positiveQuotes.json */ = {isa = PBXFileReference; fileEncoding = 4; lastKnownFileType = text.json; path = positiveQuotes.json; sourceTree = "<group>"; };
/* End PBXFileReference section */

/* Begin PBXFrameworksBuildPhase section */
		049222CA19F159650012E0B2 /* Frameworks */ = {
			isa = PBXFrameworksBuildPhase;
			buildActionMask = 2147483647;
			files = (
			);
			runOnlyForDeploymentPostprocessing = 0;
		};
		049222DF19F159650012E0B2 /* Frameworks */ = {
			isa = PBXFrameworksBuildPhase;
			buildActionMask = 2147483647;
			files = (
			);
			runOnlyForDeploymentPostprocessing = 0;
		};
/* End PBXFrameworksBuildPhase section */

/* Begin PBXGroup section */
		049222C419F159650012E0B2 = {
			isa = PBXGroup;
			children = (
				049222CF19F159650012E0B2 /* Fortuna */,
				049222E519F159650012E0B2 /* FortunaTests */,
				049222CE19F159650012E0B2 /* Products */,
			);
			sourceTree = "<group>";
		};
		049222CE19F159650012E0B2 /* Products */ = {
			isa = PBXGroup;
			children = (
				049222CD19F159650012E0B2 /* Fortuna.app */,
				049222E219F159650012E0B2 /* FortunaTests.xctest */,
			);
			name = Products;
			sourceTree = "<group>";
		};
		049222CF19F159650012E0B2 /* Fortuna */ = {
			isa = PBXGroup;
			children = (
				049222D219F159650012E0B2 /* AppDelegate.swift */,
				049222D419F159650012E0B2 /* ViewController.swift */,
				049222D619F159650012E0B2 /* Main.storyboard */,
				049222D919F159650012E0B2 /* Images.xcassets */,
				049222DB19F159650012E0B2 /* LaunchScreen.xib */,
				049222D019F159650012E0B2 /* Supporting Files */,
			);
			path = Fortuna;
			sourceTree = "<group>";
		};
		049222D019F159650012E0B2 /* Supporting Files */ = {
			isa = PBXGroup;
			children = (
				049222F219F15F650012E0B2 /* negativeQuotes.json */,
				049222F319F15F650012E0B2 /* positiveQuotes.json */,
				049222D119F159650012E0B2 /* Info.plist */,
			);
			name = "Supporting Files";
			sourceTree = "<group>";
		};
		049222E519F159650012E0B2 /* FortunaTests */ = {
			isa = PBXGroup;
			children = (
				049222E819F159650012E0B2 /* FortunaTests.swift */,
				049222E619F159650012E0B2 /* Supporting Files */,
			);
			path = FortunaTests;
			sourceTree = "<group>";
		};
		049222E619F159650012E0B2 /* Supporting Files */ = {
			isa = PBXGroup;
			children = (
				049222E719F159650012E0B2 /* Info.plist */,
			);
			name = "Supporting Files";
			sourceTree = "<group>";
		};
/* End PBXGroup section */

/* Begin PBXNativeTarget section */
		049222CC19F159650012E0B2 /* Fortuna */ = {
			isa = PBXNativeTarget;
			buildConfigurationList = 049222EC19F159650012E0B2 /* Build configuration list for PBXNativeTarget "Fortuna" */;
			buildPhases = (
				049222C919F159650012E0B2 /* Sources */,
				049222CA19F159650012E0B2 /* Frameworks */,
				049222CB19F159650012E0B2 /* Resources */,
			);
			buildRules = (
			);
			dependencies = (
			);
			name = Fortuna;
			productName = Fortuna;
			productReference = 049222CD19F159650012E0B2 /* Fortuna.app */;
			productType = "com.apple.product-type.application";
		};
		049222E119F159650012E0B2 /* FortunaTests */ = {
			isa = PBXNativeTarget;
			buildConfigurationList = 049222EF19F159650012E0B2 /* Build configuration list for PBXNativeTarget "FortunaTests" */;
			buildPhases = (
				049222DE19F159650012E0B2 /* Sources */,
				049222DF19F159650012E0B2 /* Frameworks */,
				049222E019F159650012E0B2 /* Resources */,
			);
			buildRules = (
			);
			dependencies = (
				049222E419F159650012E0B2 /* PBXTargetDependency */,
			);
			name = FortunaTests;
			productName = FortunaTests;
			productReference = 049222E219F159650012E0B2 /* FortunaTests.xctest */;
			productType = "com.apple.product-type.bundle.unit-test";
		};
/* End PBXNativeTarget section */

/* Begin PBXProject section */
		049222C519F159650012E0B2 /* Project object */ = {
			isa = PBXProject;
			attributes = {
				LastUpgradeCheck = 0610;
				ORGANIZATIONNAME = yrom;
				TargetAttributes = {
					049222CC19F159650012E0B2 = {
						CreatedOnToolsVersion = 6.1;
					};
					049222E119F159650012E0B2 = {
						CreatedOnToolsVersion = 6.1;
						TestTargetID = 049222CC19F159650012E0B2;
					};
				};
			};
			buildConfigurationList = 049222C819F159650012E0B2 /* Build configuration list for PBXProject "Fortuna" */;
			compatibilityVersion = "Xcode 3.2";
			developmentRegion = English;
			hasScannedForEncodings = 0;
			knownRegions = (
				en,
				Base,
			);
			mainGroup = 049222C419F159650012E0B2;
			productRefGroup = 049222CE19F159650012E0B2 /* Products */;
			projectDirPath = "";
			projectRoot = "";
			targets = (
				049222CC19F159650012E0B2 /* Fortuna */,
				049222E119F159650012E0B2 /* FortunaTests */,
			);
		};
/* End PBXProject section */

/* Begin PBXResourcesBuildPhase section */
		049222CB19F159650012E0B2 /* Resources */ = {
			isa = PBXResourcesBuildPhase;
			buildActionMask = 2147483647;
			files = (
				049222D819F159650012E0B2 /* Main.storyboard in Resources */,
				049222DD19F159650012E0B2 /* LaunchScreen.xib in Resources */,
				049222F519F15F650012E0B2 /* positiveQuotes.json in Resources */,
				049222DA19F159650012E0B2 /* Images.xcassets in Resources */,
				049222F419F15F650012E0B2 /* negativeQuotes.json in Resources */,
			);
			runOnlyForDeploymentPostprocessing = 0;
		};
		049222E019F159650012E0B2 /* Resources */ = {
			isa = PBXResourcesBuildPhase;
			buildActionMask = 2147483647;
			files = (
			);
			runOnlyForDeploymentPostprocessing = 0;
		};
/* End PBXResourcesBuildPhase section */

/* Begin PBXSourcesBuildPhase section */
		049222C919F159650012E0B2 /* Sources */ = {
			isa = PBXSourcesBuildPhase;
			buildActionMask = 2147483647;
			files = (
				049222D519F159650012E0B2 /* ViewController.swift in Sources */,
				049222D319F159650012E0B2 /* AppDelegate.swift in Sources */,
			);
			runOnlyForDeploymentPostprocessing = 0;
		};
		049222DE19F159650012E0B2 /* Sources */ = {
			isa = PBXSourcesBuildPhase;
			buildActionMask = 2147483647;
			files = (
				049222E919F159650012E0B2 /* FortunaTests.swift in Sources */,
			);
			runOnlyForDeploymentPostprocessing = 0;
		};
/* End PBXSourcesBuildPhase section */

/* Begin PBXTargetDependency section */
		049222E419F159650012E0B2 /* PBXTargetDependency */ = {
			isa = PBXTargetDependency;
			target = 049222CC19F159650012E0B2 /* Fortuna */;
			targetProxy = 049222E319F159650012E0B2 /* PBXContainerItemProxy */;
		};
/* End PBXTargetDependency section */

/* Begin PBXVariantGroup section */
		049222D619F159650012E0B2 /* Main.storyboard */ = {
			isa = PBXVariantGroup;
			children = (
				049222D719F159650012E0B2 /* Base */,
			);
			name = Main.storyboard;
			sourceTree = "<group>";
		};
		049222DB19F159650012E0B2 /* LaunchScreen.xib */ = {
			isa = PBXVariantGroup;
			children = (
				049222DC19F159650012E0B2 /* Base */,
			);
			name = LaunchScreen.xib;
			sourceTree = "<group>";
		};
/* End PBXVariantGroup section */

/* Begin XCBuildConfiguration section */
		049222EA19F159650012E0B2 /* Debug */ = {
			isa = XCBuildConfiguration;
			buildSettings = {
				ALWAYS_SEARCH_USER_PATHS = NO;
				CLANG_CXX_LANGUAGE_STANDARD = "gnu++0x";
				CLANG_CXX_LIBRARY = "libc++";
				CLANG_ENABLE_MODULES = YES;
				CLANG_ENABLE_OBJC_ARC = YES;
				CLANG_WARN_BOOL_CONVERSION = YES;
				CLANG_WARN_CONSTANT_CONVERSION = YES;
				CLANG_WARN_DIRECT_OBJC_ISA_USAGE = YES_ERROR;
				CLANG_WARN_EMPTY_BODY = YES;
				CLANG_WARN_ENUM_CONVERSION = YES;
				CLANG_WARN_INT_CONVERSION = YES;
				CLANG_WARN_OBJC_ROOT_CLASS = YES_ERROR;
				CLANG_WARN_UNREACHABLE_CODE = YES;
				CLANG_WARN__DUPLICATE_METHOD_MATCH = YES;
				"CODE_SIGN_IDENTITY[sdk=iphoneos*]" = "iPhone Developer";
				COPY_PHASE_STRIP = NO;
				ENABLE_STRICT_OBJC_MSGSEND = YES;
				GCC_C_LANGUAGE_STANDARD = gnu99;
				GCC_DYNAMIC_NO_PIC = NO;
				GCC_OPTIMIZATION_LEVEL = 0;
				GCC_PREPROCESSOR_DEFINITIONS = (
					"DEBUG=1",
					"$(inherited)",
				);
				GCC_SYMBOLS_PRIVATE_EXTERN = NO;
				GCC_WARN_64_TO_32_BIT_CONVERSION = YES;
				GCC_WARN_ABOUT_RETURN_TYPE = YES_ERROR;
				GCC_WARN_UNDECLARED_SELECTOR = YES;
				GCC_WARN_UNINITIALIZED_AUTOS = YES_AGGRESSIVE;
				GCC_WARN_UNUSED_FUNCTION = YES;
				GCC_WARN_UNUSED_VARIABLE = YES;
				IPHONEOS_DEPLOYMENT_TARGET = 8.1;
				MTL_ENABLE_DEBUG_INFO = YES;
				ONLY_ACTIVE_ARCH = YES;
				SDKROOT = iphoneos;
				SWIFT_OPTIMIZATION_LEVEL = "-Onone";
			};
			name = Debug;
		};
		049222EB19F159650012E0B2 /* Release */ = {
			isa = XCBuildConfiguration;
			buildSettings = {
				ALWAYS_SEARCH_USER_PATHS = NO;
				CLANG_CXX_LANGUAGE_STANDARD = "gnu++0x";
				CLANG_CXX_LIBRARY = "libc++";
				CLANG_ENABLE_MODULES = YES;
				CLANG_ENABLE_OBJC_ARC = YES;
				CLANG_WARN_BOOL_CONVERSION = YES;
				CLANG_WARN_CONSTANT_CONVERSION = YES;
				CLANG_WARN_DIRECT_OBJC_ISA_USAGE = YES_ERROR;
				CLANG_WARN_EMPTY_BODY = YES;
				CLANG_WARN_ENUM_CONVERSION = YES;
				CLANG_WARN_INT_CONVERSION = YES;
				CLANG_WARN_OBJC_ROOT_CLASS = YES_ERROR;
				CLANG_WARN_UNREACHABLE_CODE = YES;
				CLANG_WARN__DUPLICATE_METHOD_MATCH = YES;
				"CODE_SIGN_IDENTITY[sdk=iphoneos*]" = "iPhone Developer";
				COPY_PHASE_STRIP = YES;
				ENABLE_NS_ASSERTIONS = NO;
				ENABLE_STRICT_OBJC_MSGSEND = YES;
				GCC_C_LANGUAGE_STANDARD = gnu99;
				GCC_WARN_64_TO_32_BIT_CONVERSION = YES;
				GCC_WARN_ABOUT_RETURN_TYPE = YES_ERROR;
				GCC_WARN_UNDECLARED_SELECTOR = YES;
				GCC_WARN_UNINITIALIZED_AUTOS = YES_AGGRESSIVE;
				GCC_WARN_UNUSED_FUNCTION = YES;
				GCC_WARN_UNUSED_VARIABLE = YES;
				IPHONEOS_DEPLOYMENT_TARGET = 8.1;
				MTL_ENABLE_DEBUG_INFO = NO;
				SDKROOT = iphoneos;
				VALIDATE_PRODUCT = YES;
			};
			name = Release;
		};
		049222ED19F159650012E0B2 /* Debug */ = {
			isa = XCBuildConfiguration;
			buildSettings = {
				ASSETCATALOG_COMPILER_APPICON_NAME = AppIcon;
				INFOPLIST_FILE = Fortuna/Info.plist;
				LD_RUNPATH_SEARCH_PATHS = "$(inherited) @executable_path/Frameworks";
				PRODUCT_NAME = "$(TARGET_NAME)";
			};
			name = Debug;
		};
		049222EE19F159650012E0B2 /* Release */ = {
			isa = XCBuildConfiguration;
			buildSettings = {
				ASSETCATALOG_COMPILER_APPICON_NAME = AppIcon;
				INFOPLIST_FILE = Fortuna/Info.plist;
				LD_RUNPATH_SEARCH_PATHS = "$(inherited) @executable_path/Frameworks";
				PRODUCT_NAME = "$(TARGET_NAME)";
			};
			name = Release;
		};
		049222F019F159650012E0B2 /* Debug */ = {
			isa = XCBuildConfiguration;
			buildSettings = {
				BUNDLE_LOADER = "$(TEST_HOST)";
				FRAMEWORK_SEARCH_PATHS = (
					"$(SDKROOT)/Developer/Library/Frameworks",
					"$(inherited)",
				);
				GCC_PREPROCESSOR_DEFINITIONS = (
					"DEBUG=1",
					"$(inherited)",
				);
				INFOPLIST_FILE = FortunaTests/Info.plist;
				LD_RUNPATH_SEARCH_PATHS = "$(inherited) @executable_path/Frameworks @loader_path/Frameworks";
				PRODUCT_NAME = "$(TARGET_NAME)";
				TEST_HOST = "$(BUILT_PRODUCTS_DIR)/Fortuna.app/Fortuna";
			};
			name = Debug;
		};
		049222F119F159650012E0B2 /* Release */ = {
			isa = XCBuildConfiguration;
			buildSettings = {
				BUNDLE_LOADER = "$(TEST_HOST)";
				FRAMEWORK_SEARCH_PATHS = (
					"$(SDKROOT)/Developer/Library/Frameworks",
					"$(inherited)",
				);
				INFOPLIST_FILE = FortunaTests/Info.plist;
				LD_RUNPATH_SEARCH_PATHS = "$(inherited) @executable_path/Frameworks @loader_path/Frameworks";
				PRODUCT_NAME = "$(TARGET_NAME)";
				TEST_HOST = "$(BUILT_PRODUCTS_DIR)/Fortuna.app/Fortuna";
			};
			name = Release;
		};
/* End XCBuildConfiguration section */

/* Begin XCConfigurationList section */
		049222C819F159650012E0B2 /* Build configuration list for PBXProject "Fortuna" */ = {
			isa = XCConfigurationList;
			buildConfigurations = (
				049222EA19F159650012E0B2 /* Debug */,
				049222EB19F159650012E0B2 /* Release */,
			);
			defaultConfigurationIsVisible = 0;
			defaultConfigurationName = Release;
		};
		049222EC19F159650012E0B2 /* Build configuration list for PBXNativeTarget "Fortuna" */ = {
			isa = XCConfigurationList;
			buildConfigurations = (
				049222ED19F159650012E0B2 /* Debug */,
				049222EE19F159650012E0B2 /* Release */,
			);
			defaultConfigurationIsVisible = 0;
		};
		049222EF19F159650012E0B2 /* Build configuration list for PBXNativeTarget "FortunaTests" */ = {
			isa = XCConfigurationList;
			buildConfigurations = (
				049222F019F159650012E0B2 /* Debug */,
				049222F119F159650012E0B2 /* Release */,
			);
			defaultConfigurationIsVisible = 0;
		};
/* End XCConfigurationList section */
	};
	rootObject = 049222C519F159650012E0B2 /* Project object */;
}
